
Microsoft Visual Studio Solution File, Format Version 12.00
# Visual Studio Version 17
VisualStudioVersion = 17.5.002.0
MinimumVisualStudioVersion = 10.0.40219.1
Project("{9A19103F-16F7-4668-BE54-9A1E7A4F7556}") = "KeyWorksStreamberry", "KeyWorksStreamberry.csproj", "{21E4A63F-1542-4568-BAF0-5A3C4FD1F354}"
EndProject
Global
	GlobalSection(SolutionConfigurationPlatforms) = preSolution
		Debug|Any CPU = Debug|Any CPU
		Release|Any CPU = Release|Any CPU
	EndGlobalSection
	GlobalSection(ProjectConfigurationPlatforms) = postSolution
		{21E4A63F-1542-4568-BAF0-5A3C4FD1F354}.Debug|Any CPU.ActiveCfg = Debug|Any CPU
		{21E4A63F-1542-4568-BAF0-5A3C4FD1F354}.Debug|Any CPU.Build.0 = Debug|Any CPU
		{21E4A63F-1542-4568-BAF0-5A3C4FD1F354}.Release|Any CPU.ActiveCfg = Release|Any CPU
		{21E4A63F-1542-4568-BAF0-5A3C4FD1F354}.Release|Any CPU.Build.0 = Release|Any CPU
	EndGlobalSection
	GlobalSection(SolutionProperties) = preSolution
		HideSolutionNode = FALSE
	EndGlobalSection
	GlobalSection(ExtensibilityGlobals) = postSolution
		SolutionGuid = {A63D2646-04F2-48AE-BC99-28BF652AD3BB}
	EndGlobalSection
EndGlobal
